// !$*UTF8*$!
{
	archiveVersion = 1;
	classes = {
	};
	objectVersion = 46;
	objects = {

/* Begin PBXBuildFile section */
		5DDDD0B41E4A6BE00039D087 /* main.m in Sources */ = {isa = PBXBuildFile; fileRef = 5DDDD0B31E4A6BE00039D087 /* main.m */; };
		5DDDD0BC1E4A6F240039D087 /* UserInput.m in Sources */ = {isa = PBXBuildFile; fileRef = 5DDDD0BB1E4A6F240039D087 /* UserInput.m */; };
		5DDDD0BF1E4A7D4F0039D087 /* AdditionQuestion.m in Sources */ = {isa = PBXBuildFile; fileRef = 5DDDD0BE1E4A7D4F0039D087 /* AdditionQuestion.m */; };
		5DDDD0C51E4AB10D0039D087 /* ScoreKeeper.m in Sources */ = {isa = PBXBuildFile; fileRef = 5DDDD0C41E4AB10D0039D087 /* ScoreKeeper.m */; };
/* End PBXBuildFile section */

/* Begin PBXCopyFilesBuildPhase section */
		5DDDD0AE1E4A6BE00039D087 /* CopyFiles */ = {
			isa = PBXCopyFilesBuildPhase;
			buildActionMask = 2147483647;
			dstPath = /usr/share/man/man1/;
			dstSubfolderSpec = 0;
			files = (
			);
			runOnlyForDeploymentPostprocessing = 1;
		};
/* End PBXCopyFilesBuildPhase section */

/* Begin PBXFileReference section */
		5DDDD0B01E4A6BE00039D087 /* Maths */ = {isa = PBXFileReference; explicitFileType = "compiled.mach-o.executable"; includeInIndex = 0; path = Maths; sourceTree = BUILT_PRODUCTS_DIR; };
		5DDDD0B31E4A6BE00039D087 /* main.m */ = {isa = PBXFileReference; lastKnownFileType = sourcecode.c.objc; path = main.m; sourceTree = "<group>"; };
		5DDDD0BA1E4A6F240039D087 /* UserInput.h */ = {isa = PBXFileReference; fileEncoding = 4; lastKnownFileType = sourcecode.c.h; path = UserInput.h; sourceTree = "<group>"; };
		5DDDD0BB1E4A6F240039D087 /* UserInput.m */ = {isa = PBXFileReference; fileEncoding = 4; lastKnownFileType = sourcecode.c.objc; path = UserInput.m; sourceTree = "<group>"; };
		5DDDD0BD1E4A7D4F0039D087 /* AdditionQuestion.h */ = {isa = PBXFileReference; fileEncoding = 4; lastKnownFileType = sourcecode.c.h; path = AdditionQuestion.h; sourceTree = "<group>"; };
		5DDDD0BE1E4A7D4F0039D087 /* AdditionQuestion.m */ = {isa = PBXFileReference; fileEncoding = 4; lastKnownFileType = sourcecode.c.objc; path = AdditionQuestion.m; sourceTree = "<group>"; };
		5DDDD0C31E4AB10D0039D087 /* ScoreKeeper.h */ = {isa = PBXFileReference; fileEncoding = 4; lastKnownFileType = sourcecode.c.h; path = ScoreKeeper.h; sourceTree = "<group>"; };
		5DDDD0C41E4AB10D0039D087 /* ScoreKeeper.m */ = {isa = PBXFileReference; fileEncoding = 4; lastKnownFileType = sourcecode.c.objc; path = ScoreKeeper.m; sourceTree = "<group>"; };
/* End PBXFileReference section */

/* Begin PBXFrameworksBuildPhase section */
		5DDDD0AD1E4A6BE00039D087 /* Frameworks */ = {
			isa = PBXFrameworksBuildPhase;
			buildActionMask = 2147483647;
			files = (
			);
			runOnlyForDeploymentPostprocessing = 0;
		};
/* End PBXFrameworksBuildPhase section */

/* Begin PBXGroup section */
		5DDDD0A71E4A6BE00039D087 = {
			isa = PBXGroup;
			children = (
				5DDDD0B21E4A6BE00039D087 /* Maths */,
				5DDDD0B11E4A6BE00039D087 /* Products */,
			);
			sourceTree = "<group>";
		};
		5DDDD0B11E4A6BE00039D087 /* Products */ = {
			isa = PBXGroup;
			children = (
				5DDDD0B01E4A6BE00039D087 /* Maths */,
			);
			name = Products;
			sourceTree = "<group>";
		};
		5DDDD0B21E4A6BE00039D087 /* Maths */ = {
			isa = PBXGroup;
			children = (
				5DDDD0B31E4A6BE00039D087 /* main.m */,
				5DDDD0BD1E4A7D4F0039D087 /* AdditionQuestion.h */,
				5DDDD0BE1E4A7D4F0039D087 /* AdditionQuestion.m */,
				5DDDD0C31E4AB10D0039D087 /* ScoreKeeper.h */,
				5DDDD0C41E4AB10D0039D087 /* ScoreKeeper.m */,
				5DDDD0BA1E4A6F240039D087 /* UserInput.h */,
				5DDDD0BB1E4A6F240039D087 /* UserInput.m */,
			);
			path = Maths;
			sourceTree = "<group>";
		};
/* End PBXGroup section */

/* Begin PBXNativeTarget section */
		5DDDD0AF1E4A6BE00039D087 /* Maths */ = {
			isa = PBXNativeTarget;
			buildConfigurationList = 5DDDD0B71E4A6BE00039D087 /* Build configuration list for PBXNativeTarget "Maths" */;
			buildPhases = (
				5DDDD0AC1E4A6BE00039D087 /* Sources */,
				5DDDD0AD1E4A6BE00039D087 /* Frameworks */,
				5DDDD0AE1E4A6BE00039D087 /* CopyFiles */,
			);
			buildRules = (
			);
			dependencies = (
			);
			name = Maths;
			productName = Maths;
			productReference = 5DDDD0B01E4A6BE00039D087 /* Maths */;
			productType = "com.apple.product-type.tool";
		};
/* End PBXNativeTarget section */

/* Begin PBXProject section */
		5DDDD0A81E4A6BE00039D087 /* Project object */ = {
			isa = PBXProject;
			attributes = {
				LastUpgradeCheck = 0820;
				ORGANIZATIONNAME = "Sofia Knezevic";
				TargetAttributes = {
					5DDDD0AF1E4A6BE00039D087 = {
						CreatedOnToolsVersion = 8.2.1;
						ProvisioningStyle = Automatic;
					};
				};
			};
			buildConfigurationList = 5DDDD0AB1E4A6BE00039D087 /* Build configuration list for PBXProject "Maths" */;
			compatibilityVersion = "Xcode 3.2";
			developmentRegion = English;
			hasScannedForEncodings = 0;
			knownRegions = (
				en,
			);
			mainGroup = 5DDDD0A71E4A6BE00039D087;
			productRefGroup = 5DDDD0B11E4A6BE00039D087 /* Products */;
			projectDirPath = "";
			projectRoot = "";
			targets = (
				5DDDD0AF1E4A6BE00039D087 /* Maths */,
			);
		};
/* End PBXProject section */

/* Begin PBXSourcesBuildPhase section */
		5DDDD0AC1E4A6BE00039D087 /* Sources */ = {
			isa = PBXSourcesBuildPhase;
			buildActionMask = 2147483647;
			files = (
				5DDDD0C51E4AB10D0039D087 /* ScoreKeeper.m in Sources */,
				5DDDD0B41E4A6BE00039D087 /* main.m in Sources */,
				5DDDD0BF1E4A7D4F0039D087 /* AdditionQuestion.m in Sources */,
				5DDDD0BC1E4A6F240039D087 /* UserInput.m in Sources */,
			);
			runOnlyForDeploymentPostprocessing = 0;
		};
/* End PBXSourcesBuildPhase section */

/* Begin XCBuildConfiguration section */
		5DDDD0B51E4A6BE00039D087 /* Debug */ = {
			isa = XCBuildConfiguration;
			buildSettings = {
				ALWAYS_SEARCH_USER_PATHS = NO;
				CLANG_ANALYZER_NONNULL = YES;
				CLANG_CXX_LANGUAGE_STANDARD = "gnu++0x";
				CLANG_CXX_LIBRARY = "libc++";
				CLANG_ENABLE_MODULES = YES;
				CLANG_ENABLE_OBJC_ARC = YES;
				CLANG_WARN_BOOL_CONVERSION = YES;
				CLANG_WARN_CONSTANT_CONVERSION = YES;
				CLANG_WARN_DIRECT_OBJC_ISA_USAGE = YES_ERROR;
				CLANG_WARN_DOCUMENTATION_COMMENTS = YES;
				CLANG_WARN_EMPTY_BODY = YES;
				CLANG_WARN_ENUM_CONVERSION = YES;
				CLANG_WARN_INFINITE_RECURSION = YES;
				CLANG_WARN_INT_CONVERSION = YES;
				CLANG_WARN_OBJC_ROOT_CLASS = YES_ERROR;
				CLANG_WARN_SUSPICIOUS_MOVE = YES;
				CLANG_WARN_UNREACHABLE_CODE = YES;
				CLANG_WARN__DUPLICATE_METHOD_MATCH = YES;
				CODE_SIGN_IDENTITY = "-";
				COPY_PHASE_STRIP = NO;
				DEBUG_INFORMATION_FORMAT = dwarf;
				ENABLE_STRICT_OBJC_MSGSEND = YES;
				ENABLE_TESTABILITY = YES;
				GCC_C_LANGUAGE_STANDARD = gnu99;
				GCC_DYNAMIC_NO_PIC = NO;
				GCC_NO_COMMON_BLOCKS = YES;
				GCC_OPTIMIZATION_LEVEL = 0;
				GCC_PREPROCESSOR_DEFINITIONS = (
					"DEBUG=1",
					"$(inherited)",
				);
				GCC_WARN_64_TO_32_BIT_CONVERSION = YES;
				GCC_WARN_ABOUT_RETURN_TYPE = YES_ERROR;
				GCC_WARN_UNDECLARED_SELECTOR = YES;
				GCC_WARN_UNINITIALIZED_AUTOS = YES_AGGRESSIVE;
				GCC_WARN_UNUSED_FUNCTION = YES;
				GCC_WARN_UNUSED_VARIABLE = YES;
				MACOSX_DEPLOYMENT_TARGET = 10.12;
				MTL_ENABLE_DEBUG_INFO = YES;
				ONLY_ACTIVE_ARCH = YES;
				SDKROOT = macosx;
			};
			name = Debug;
		};
		5DDDD0B61E4A6BE00039D087 /* Release */ = {
			isa = XCBuildConfiguration;
			buildSettings = {
				ALWAYS_SEARCH_USER_PATHS = NO;
				CLANG_ANALYZER_NONNULL = YES;
				CLANG_CXX_LANGUAGE_STANDARD = "gnu++0x";
				CLANG_CXX_LIBRARY = "libc++";
				CLANG_ENABLE_MODULES = YES;
				CLANG_ENABLE_OBJC_ARC = YES;
				CLANG_WARN_BOOL_CONVERSION = YES;
				CLANG_WARN_CONSTANT_CONVERSION = YES;
				CLANG_WARN_DIRECT_OBJC_ISA_USAGE = YES_ERROR;
				CLANG_WARN_DOCUMENTATION_COMMENTS = YES;
				CLANG_WARN_EMPTY_BODY = YES;
				CLANG_WARN_ENUM_CONVERSION = YES;
				CLANG_WARN_INFINITE_RECURSION = YES;
				CLANG_WARN_INT_CONVERSION = YES;
				CLANG_WARN_OBJC_ROOT_CLASS = YES_ERROR;
				CLANG_WARN_SUSPICIOUS_MOVE = YES;
				CLANG_WARN_UNREACHABLE_CODE = YES;
				CLANG_WARN__DUPLICATE_METHOD_MATCH = YES;
				CODE_SIGN_IDENTITY = "-";
				COPY_PHASE_STRIP = NO;
				DEBUG_INFORMATION_FORMAT = "dwarf-with-dsym";
				ENABLE_NS_ASSERTIONS = NO;
				ENABLE_STRICT_OBJC_MSGSEND = YES;
				GCC_C_LANGUAGE_STANDARD = gnu99;
				GCC_NO_COMMON_BLOCKS = YES;
				GCC_WARN_64_TO_32_BIT_CONVERSION = YES;
				GCC_WARN_ABOUT_RETURN_TYPE = YES_ERROR;
				GCC_WARN_UNDECLARED_SELECTOR = YES;
				GCC_WARN_UNINITIALIZED_AUTOS = YES_AGGRESSIVE;
				GCC_WARN_UNUSED_FUNCTION = YES;
				GCC_WARN_UNUSED_VARIABLE = YES;
				MACOSX_DEPLOYMENT_TARGET = 10.12;
				MTL_ENABLE_DEBUG_INFO = NO;
				SDKROOT = macosx;
			};
			name = Release;
		};
		5DDDD0B81E4A6BE00039D087 /* Debug */ = {
			isa = XCBuildConfiguration;
			buildSettings = {
				PRODUCT_NAME = "$(TARGET_NAME)";
			};
			name = Debug;
		};
		5DDDD0B91E4A6BE00039D087 /* Release */ = {
			isa = XCBuildConfiguration;
			buildSettings = {
				PRODUCT_NAME = "$(TARGET_NAME)";
			};
			name = Release;
		};
/* End XCBuildConfiguration section */

/* Begin XCConfigurationList section */
		5DDDD0AB1E4A6BE00039D087 /* Build configuration list for PBXProject "Maths" */ = {
			isa = XCConfigurationList;
			buildConfigurations = (
				5DDDD0B51E4A6BE00039D087 /* Debug */,
				5DDDD0B61E4A6BE00039D087 /* Release */,
			);
			defaultConfigurationIsVisible = 0;
			defaultConfigurationName = Release;
		};
		5DDDD0B71E4A6BE00039D087 /* Build configuration list for PBXNativeTarget "Maths" */ = {
			isa = XCConfigurationList;
			buildConfigurations = (
				5DDDD0B81E4A6BE00039D087 /* Debug */,
				5DDDD0B91E4A6BE00039D087 /* Release */,
			);
			defaultConfigurationIsVisible = 0;
		};
/* End XCConfigurationList section */
	};
	rootObject = 5DDDD0A81E4A6BE00039D087 /* Project object */;
}
